
Microsoft Visual Studio Solution File, Format Version 12.00
# Visual Studio 15
VisualStudioVersion = 15.0.28307.572
MinimumVisualStudioVersion = 10.0.40219.1
Project("{8BC9CEB8-8B4A-11D0-8D11-00A0C91BC942}") = "AlgorithmManager", "AlgorithmManager.vcxproj", "{87FAE295-06FE-4BB2-BC86-593285DAFD1A}"
EndProject
Project("{8BC9CEB8-8B4A-11D0-8D11-00A0C91BC942}") = "UnitTest", "test\UnitTest.vcxproj", "{4F2F4E0F-99F5-4014-918C-C891A6E04B05}"
EndProject
Global
	GlobalSection(SolutionConfigurationPlatforms) = preSolution
		debug_shared|x64 = debug_shared|x64
		debug_shared|x86 = debug_shared|x86
		Debug|x64 = Debug|x64
		Debug|x86 = Debug|x86
		release_shared|x64 = release_shared|x64
		release_shared|x86 = release_shared|x86
		Release|x64 = Release|x64
		Release|x86 = Release|x86
	EndGlobalSection
	GlobalSection(ProjectConfigurationPlatforms) = postSolution
		{87FAE295-06FE-4BB2-BC86-593285DAFD1A}.debug_shared|x64.ActiveCfg = Debug|x64
		{87FAE295-06FE-4BB2-BC86-593285DAFD1A}.debug_shared|x64.Build.0 = Debug|x64
		{87FAE295-06FE-4BB2-BC86-593285DAFD1A}.debug_shared|x86.ActiveCfg = Release|x64
		{87FAE295-06FE-4BB2-BC86-593285DAFD1A}.debug_shared|x86.Build.0 = Release|x64
		{87FAE295-06FE-4BB2-BC86-593285DAFD1A}.Debug|x64.ActiveCfg = Debug|x64
		{87FAE295-06FE-4BB2-BC86-593285DAFD1A}.Debug|x64.Build.0 = Debug|x64
		{87FAE295-06FE-4BB2-BC86-593285DAFD1A}.Debug|x86.ActiveCfg = Debug|x64
		{87FAE295-06FE-4BB2-BC86-593285DAFD1A}.release_shared|x64.ActiveCfg = Release|x64
		{87FAE295-06FE-4BB2-BC86-593285DAFD1A}.release_shared|x64.Build.0 = Release|x64
		{87FAE295-06FE-4BB2-BC86-593285DAFD1A}.release_shared|x86.ActiveCfg = Release|x64
		{87FAE295-06FE-4BB2-BC86-593285DAFD1A}.release_shared|x86.Build.0 = Release|x64
		{87FAE295-06FE-4BB2-BC86-593285DAFD1A}.Release|x64.ActiveCfg = Release|x64
		{87FAE295-06FE-4BB2-BC86-593285DAFD1A}.Release|x64.Build.0 = Release|x64
		{87FAE295-06FE-4BB2-BC86-593285DAFD1A}.Release|x86.ActiveCfg = Release|x64
		{4F2F4E0F-99F5-4014-918C-C891A6E04B05}.debug_shared|x64.ActiveCfg = Debug|x64
		{4F2F4E0F-99F5-4014-918C-C891A6E04B05}.debug_shared|x64.Build.0 = Debug|x64
		{4F2F4E0F-99F5-4014-918C-C891A6E04B05}.debug_shared|x86.ActiveCfg = Debug|Win32
		{4F2F4E0F-99F5-4014-918C-C891A6E04B05}.debug_shared|x86.Build.0 = Debug|Win32
		{4F2F4E0F-99F5-4014-918C-C891A6E04B05}.Debug|x64.ActiveCfg = Debug|x64
		{4F2F4E0F-99F5-4014-918C-C891A6E04B05}.Debug|x64.Build.0 = Debug|x64
		{4F2F4E0F-99F5-4014-918C-C891A6E04B05}.Debug|x86.ActiveCfg = Debug|Win32
		{4F2F4E0F-99F5-4014-918C-C891A6E04B05}.Debug|x86.Build.0 = Debug|Win32
		{4F2F4E0F-99F5-4014-918C-C891A6E04B05}.release_shared|x64.ActiveCfg = Release|x64
		{4F2F4E0F-99F5-4014-918C-C891A6E04B05}.release_shared|x64.Build.0 = Release|x64
		{4F2F4E0F-99F5-4014-918C-C891A6E04B05}.release_shared|x86.ActiveCfg = Release|Win32
		{4F2F4E0F-99F5-4014-918C-C891A6E04B05}.release_shared|x86.Build.0 = Release|Win32
		{4F2F4E0F-99F5-4014-918C-C891A6E04B05}.Release|x64.ActiveCfg = Release|x64
		{4F2F4E0F-99F5-4014-918C-C891A6E04B05}.Release|x64.Build.0 = Release|x64
		{4F2F4E0F-99F5-4014-918C-C891A6E04B05}.Release|x86.ActiveCfg = Release|Win32
		{4F2F4E0F-99F5-4014-918C-C891A6E04B05}.Release|x86.Build.0 = Release|Win32
	EndGlobalSection
	GlobalSection(SolutionProperties) = preSolution
		HideSolutionNode = FALSE
	EndGlobalSection
	GlobalSection(ExtensibilityGlobals) = postSolution
		SolutionGuid = {31EAE3AC-5EE2-480D-9EB4-E986D5AC46E3}
	EndGlobalSection
EndGlobal
